{
  "name": "frontend",
  "lockfileVersion": 3,
  "requires": true,
  "packages": {
    "": {
      "dependencies": {
        "quasar": "^2.18.5"
      }
    },
    "node_modules/quasar": {
      "version": "2.18.5",
      "resolved": "https://registry.npmjs.org/quasar/-/quasar-2.18.5.tgz",
      "integrity": "sha512-5ItDSsNjqBVRrC7SqcdvT1F5mghVyJ/KmaWNwnaT5mM91a7gWpT/d7wTCIFxxDbWLZdkHKI+cpdudEqnfcSw9A==",
      "engines": {
        "node": ">= 10.18.1",
        "npm": ">= 6.13.4",
        "yarn": ">= 1.21.1"
      },
      "funding": {
        "type": "github",
        "url": "https://donate.quasar.dev"
      }
    }
  }
}
